# THIS IS AN AUTOGENERATED FILE. DO NOT EDIT THIS FILE DIRECTLY.
# yarn lockfile v1


uuid-parse@^1.0.0:
  version "1.0.0"
  resolved "https://registry.yarnpkg.com/uuid-parse/-/uuid-parse-1.0.0.tgz#f4657717624b0e4b88af36f98d89589a5bbee569"

uuid-to-hex@^1.0.3:
  version "1.0.3"
  resolved "https://registry.yarnpkg.com/uuid-to-hex/-/uuid-to-hex-1.0.3.tgz#a9251048fdceebc94b9c1d41e4b5363965960699"
  dependencies:
    uuid-parse "^1.0.0"
    validator "^9.1.1"

validator@^9.1.1:
  version "9.4.0"
  resolved "https://registry.yarnpkg.com/validator/-/validator-9.4.0.tgz#c503ef88f7e6b8fb7688599267b309482d81ae60"
